
Microsoft Visual Studio Solution File, Format Version 12.00
# Visual Studio Version 16
VisualStudioVersion = 16.0.30503.244
MinimumVisualStudioVersion = 10.0.40219.1
Project("{FAE04EC0-301F-11D3-BF4B-00C04F79EFBC}") = "ExamenUTP", "ExamenUTP\ExamenUTP.csproj", "{FF683CC9-D157-446F-8C2D-0D73D2CBA7A1}"
EndProject
Project("{FAE04EC0-301F-11D3-BF4B-00C04F79EFBC}") = "CDatos", "CDatos\CDatos.csproj", "{AA5913A9-D227-400A-AF20-7C7781495019}"
EndProject
Project("{FAE04EC0-301F-11D3-BF4B-00C04F79EFBC}") = "CServicio", "CServicio\CServicio.csproj", "{B45C2649-A05B-4DEC-B498-B9840578F955}"
EndProject
Project("{FAE04EC0-301F-11D3-BF4B-00C04F79EFBC}") = "CEntidad", "CEntidad\CEntidad.csproj", "{2C4AAD3B-EBD6-4E5A-93BB-92A0BC50DA53}"
EndProject
Project("{FAE04EC0-301F-11D3-BF4B-00C04F79EFBC}") = "CCommon", "CCommon\CCommon.csproj", "{809EE6B1-70F4-4113-B0FC-090B1D4F23A0}"
EndProject
Global
	GlobalSection(SolutionConfigurationPlatforms) = preSolution
		Debug|Any CPU = Debug|Any CPU
		Release|Any CPU = Release|Any CPU
	EndGlobalSection
	GlobalSection(ProjectConfigurationPlatforms) = postSolution
		{FF683CC9-D157-446F-8C2D-0D73D2CBA7A1}.Debug|Any CPU.ActiveCfg = Debug|Any CPU
		{FF683CC9-D157-446F-8C2D-0D73D2CBA7A1}.Debug|Any CPU.Build.0 = Debug|Any CPU
		{FF683CC9-D157-446F-8C2D-0D73D2CBA7A1}.Release|Any CPU.ActiveCfg = Release|Any CPU
		{FF683CC9-D157-446F-8C2D-0D73D2CBA7A1}.Release|Any CPU.Build.0 = Release|Any CPU
		{AA5913A9-D227-400A-AF20-7C7781495019}.Debug|Any CPU.ActiveCfg = Debug|Any CPU
		{AA5913A9-D227-400A-AF20-7C7781495019}.Debug|Any CPU.Build.0 = Debug|Any CPU
		{AA5913A9-D227-400A-AF20-7C7781495019}.Release|Any CPU.ActiveCfg = Release|Any CPU
		{AA5913A9-D227-400A-AF20-7C7781495019}.Release|Any CPU.Build.0 = Release|Any CPU
		{B45C2649-A05B-4DEC-B498-B9840578F955}.Debug|Any CPU.ActiveCfg = Debug|Any CPU
		{B45C2649-A05B-4DEC-B498-B9840578F955}.Debug|Any CPU.Build.0 = Debug|Any CPU
		{B45C2649-A05B-4DEC-B498-B9840578F955}.Release|Any CPU.ActiveCfg = Release|Any CPU
		{B45C2649-A05B-4DEC-B498-B9840578F955}.Release|Any CPU.Build.0 = Release|Any CPU
		{2C4AAD3B-EBD6-4E5A-93BB-92A0BC50DA53}.Debug|Any CPU.ActiveCfg = Debug|Any CPU
		{2C4AAD3B-EBD6-4E5A-93BB-92A0BC50DA53}.Debug|Any CPU.Build.0 = Debug|Any CPU
		{2C4AAD3B-EBD6-4E5A-93BB-92A0BC50DA53}.Release|Any CPU.ActiveCfg = Release|Any CPU
		{2C4AAD3B-EBD6-4E5A-93BB-92A0BC50DA53}.Release|Any CPU.Build.0 = Release|Any CPU
		{809EE6B1-70F4-4113-B0FC-090B1D4F23A0}.Debug|Any CPU.ActiveCfg = Debug|Any CPU
		{809EE6B1-70F4-4113-B0FC-090B1D4F23A0}.Debug|Any CPU.Build.0 = Debug|Any CPU
		{809EE6B1-70F4-4113-B0FC-090B1D4F23A0}.Release|Any CPU.ActiveCfg = Release|Any CPU
		{809EE6B1-70F4-4113-B0FC-090B1D4F23A0}.Release|Any CPU.Build.0 = Release|Any CPU
	EndGlobalSection
	GlobalSection(SolutionProperties) = preSolution
		HideSolutionNode = FALSE
	EndGlobalSection
	GlobalSection(ExtensibilityGlobals) = postSolution
		SolutionGuid = {256D36C5-A2C1-482E-96CF-0365E0548F0E}
	EndGlobalSection
EndGlobal
